<Solution>
  <Folder Name="/src/">
    <Project Path="src/CustomerSpending.Api.csproj" />
  </Folder>
  <Folder Name="/tests/">
    <Project Path="tests/CustomerSpending.Api.Tests.csproj" />
  </Folder>
  <Folder Name="/tools/">
    <Project Path="tools/SeedGenerator/SeedGenerator.csproj" />
  </Folder>
</Solution>
